
Microsoft Visual Studio Solution File, Format Version 12.00
# Visual Studio 15
VisualStudioVersion = 15.0.28307.106
MinimumVisualStudioVersion = 10.0.40219.1
Project("{FAE04EC0-301F-11D3-BF4B-00C04F79EFBC}") = "GraniteHouse", "GraniteHouse\GraniteHouse.csproj", "{8136219F-15F9-4BDD-B093-96157D9F8DB7}"
EndProject
Global
	GlobalSection(SolutionConfigurationPlatforms) = preSolution
		Debug|Any CPU = Debug|Any CPU
		Release|Any CPU = Release|Any CPU
	EndGlobalSection
	GlobalSection(ProjectConfigurationPlatforms) = postSolution
		{8136219F-15F9-4BDD-B093-96157D9F8DB7}.Debug|Any CPU.ActiveCfg = Debug|Any CPU
		{8136219F-15F9-4BDD-B093-96157D9F8DB7}.Debug|Any CPU.Build.0 = Debug|Any CPU
		{8136219F-15F9-4BDD-B093-96157D9F8DB7}.Release|Any CPU.ActiveCfg = Release|Any CPU
		{8136219F-15F9-4BDD-B093-96157D9F8DB7}.Release|Any CPU.Build.0 = Release|Any CPU
	EndGlobalSection
	GlobalSection(SolutionProperties) = preSolution
		HideSolutionNode = FALSE
	EndGlobalSection
	GlobalSection(ExtensibilityGlobals) = postSolution
		SolutionGuid = {89CD9141-F4AF-4735-B985-63A948C2EF2D}
	EndGlobalSection
EndGlobal
